
Microsoft Visual Studio Solution File, Format Version 12.00
# Visual Studio Version 16
VisualStudioVersion = 16.0.31205.134
MinimumVisualStudioVersion = 10.0.40219.1
Project("{FAE04EC0-301F-11D3-BF4B-00C04F79EFBC}") = "PcBuilder", "PcBuilder\PcBuilder.csproj", "{D95C42C0-20A9-4BB1-8E05-52EE1400A50D}"
EndProject
Global
	GlobalSection(SolutionConfigurationPlatforms) = preSolution
		Debug|Any CPU = Debug|Any CPU
		Release|Any CPU = Release|Any CPU
	EndGlobalSection
	GlobalSection(ProjectConfigurationPlatforms) = postSolution
		{D95C42C0-20A9-4BB1-8E05-52EE1400A50D}.Debug|Any CPU.ActiveCfg = Debug|Any CPU
		{D95C42C0-20A9-4BB1-8E05-52EE1400A50D}.Debug|Any CPU.Build.0 = Debug|Any CPU
		{D95C42C0-20A9-4BB1-8E05-52EE1400A50D}.Release|Any CPU.ActiveCfg = Release|Any CPU
		{D95C42C0-20A9-4BB1-8E05-52EE1400A50D}.Release|Any CPU.Build.0 = Release|Any CPU
	EndGlobalSection
	GlobalSection(SolutionProperties) = preSolution
		HideSolutionNode = FALSE
	EndGlobalSection
	GlobalSection(ExtensibilityGlobals) = postSolution
		SolutionGuid = {C80FC1FE-6B95-4171-8CB3-4CA027640CB3}
	EndGlobalSection
EndGlobal
